
Microsoft Visual Studio Solution File, Format Version 12.00
# Visual Studio 14
VisualStudioVersion = 14.0.25123.0
MinimumVisualStudioVersion = 10.0.40219.1
Project("{FAE04EC0-301F-11D3-BF4B-00C04F79EFBC}") = "ASPWarehouse", "ASPWarehouse\ASPWarehouse.csproj", "{696E4347-7D52-4E05-B250-027BFDA44B4F}"
EndProject
Project("{FAE04EC0-301F-11D3-BF4B-00C04F79EFBC}") = "DAL", "DAL\DAL.csproj", "{C4539F16-6853-4DBA-AE69-4E0D9B686605}"
EndProject
Project("{FAE04EC0-301F-11D3-BF4B-00C04F79EFBC}") = "Domain", "Domain\Domain.csproj", "{23FF86BC-85D0-418E-AB70-8ED53E7C926C}"
EndProject
Project("{FAE04EC0-301F-11D3-BF4B-00C04F79EFBC}") = "Identity", "Identity\Identity.csproj", "{F1D9B905-117D-4404-8418-966509CF613B}"
EndProject
Global
	GlobalSection(SolutionConfigurationPlatforms) = preSolution
		Debug|Any CPU = Debug|Any CPU
		Release|Any CPU = Release|Any CPU
	EndGlobalSection
	GlobalSection(ProjectConfigurationPlatforms) = postSolution
		{696E4347-7D52-4E05-B250-027BFDA44B4F}.Debug|Any CPU.ActiveCfg = Debug|Any CPU
		{696E4347-7D52-4E05-B250-027BFDA44B4F}.Debug|Any CPU.Build.0 = Debug|Any CPU
		{696E4347-7D52-4E05-B250-027BFDA44B4F}.Release|Any CPU.ActiveCfg = Release|Any CPU
		{696E4347-7D52-4E05-B250-027BFDA44B4F}.Release|Any CPU.Build.0 = Release|Any CPU
		{C4539F16-6853-4DBA-AE69-4E0D9B686605}.Debug|Any CPU.ActiveCfg = Debug|Any CPU
		{C4539F16-6853-4DBA-AE69-4E0D9B686605}.Debug|Any CPU.Build.0 = Debug|Any CPU
		{C4539F16-6853-4DBA-AE69-4E0D9B686605}.Release|Any CPU.ActiveCfg = Release|Any CPU
		{C4539F16-6853-4DBA-AE69-4E0D9B686605}.Release|Any CPU.Build.0 = Release|Any CPU
		{23FF86BC-85D0-418E-AB70-8ED53E7C926C}.Debug|Any CPU.ActiveCfg = Debug|Any CPU
		{23FF86BC-85D0-418E-AB70-8ED53E7C926C}.Debug|Any CPU.Build.0 = Debug|Any CPU
		{23FF86BC-85D0-418E-AB70-8ED53E7C926C}.Release|Any CPU.ActiveCfg = Release|Any CPU
		{23FF86BC-85D0-418E-AB70-8ED53E7C926C}.Release|Any CPU.Build.0 = Release|Any CPU
		{F1D9B905-117D-4404-8418-966509CF613B}.Debug|Any CPU.ActiveCfg = Debug|Any CPU
		{F1D9B905-117D-4404-8418-966509CF613B}.Debug|Any CPU.Build.0 = Debug|Any CPU
		{F1D9B905-117D-4404-8418-966509CF613B}.Release|Any CPU.ActiveCfg = Release|Any CPU
		{F1D9B905-117D-4404-8418-966509CF613B}.Release|Any CPU.Build.0 = Release|Any CPU
	EndGlobalSection
	GlobalSection(SolutionProperties) = preSolution
		HideSolutionNode = FALSE
	EndGlobalSection
EndGlobal
